// !$*UTF8*$!
{
	archiveVersion = 1;
	classes = {
	};
	objectVersion = 50;
	objects = {

/* Begin PBXBuildFile section */
		847B171C24A62B98004DC44C /* AppDelegate.swift in Sources */ = {isa = PBXBuildFile; fileRef = 847B171B24A62B98004DC44C /* AppDelegate.swift */; };
		847B171E24A62B98004DC44C /* SceneDelegate.swift in Sources */ = {isa = PBXBuildFile; fileRef = 847B171D24A62B98004DC44C /* SceneDelegate.swift */; };
		847B172024A62B98004DC44C /* ViewController.swift in Sources */ = {isa = PBXBuildFile; fileRef = 847B171F24A62B98004DC44C /* ViewController.swift */; };
		847B172324A62B98004DC44C /* Main.storyboard in Resources */ = {isa = PBXBuildFile; fileRef = 847B172124A62B98004DC44C /* Main.storyboard */; };
		847B172524A62B9A004DC44C /* Assets.xcassets in Resources */ = {isa = PBXBuildFile; fileRef = 847B172424A62B9A004DC44C /* Assets.xcassets */; };
		847B172824A62B9A004DC44C /* LaunchScreen.storyboard in Resources */ = {isa = PBXBuildFile; fileRef = 847B172624A62B9A004DC44C /* LaunchScreen.storyboard */; };
		847B173024A62F54004DC44C /* TableViewCell.swift in Sources */ = {isa = PBXBuildFile; fileRef = 847B172F24A62F53004DC44C /* TableViewCell.swift */; };
		847B173224A6356C004DC44C /* SecondViewController.swift in Sources */ = {isa = PBXBuildFile; fileRef = 847B173124A6356C004DC44C /* SecondViewController.swift */; };
/* End PBXBuildFile section */

/* Begin PBXFileReference section */
		847B171824A62B98004DC44C /* DemoTableView..app */ = {isa = PBXFileReference; explicitFileType = wrapper.application; includeInIndex = 0; path = DemoTableView..app; sourceTree = BUILT_PRODUCTS_DIR; };
		847B171B24A62B98004DC44C /* AppDelegate.swift */ = {isa = PBXFileReference; lastKnownFileType = sourcecode.swift; path = AppDelegate.swift; sourceTree = "<group>"; };
		847B171D24A62B98004DC44C /* SceneDelegate.swift */ = {isa = PBXFileReference; lastKnownFileType = sourcecode.swift; path = SceneDelegate.swift; sourceTree = "<group>"; };
		847B171F24A62B98004DC44C /* ViewController.swift */ = {isa = PBXFileReference; lastKnownFileType = sourcecode.swift; path = ViewController.swift; sourceTree = "<group>"; };
		847B172224A62B98004DC44C /* Base */ = {isa = PBXFileReference; lastKnownFileType = file.storyboard; name = Base; path = Base.lproj/Main.storyboard; sourceTree = "<group>"; };
		847B172424A62B9A004DC44C /* Assets.xcassets */ = {isa = PBXFileReference; lastKnownFileType = folder.assetcatalog; path = Assets.xcassets; sourceTree = "<group>"; };
		847B172724A62B9A004DC44C /* Base */ = {isa = PBXFileReference; lastKnownFileType = file.storyboard; name = Base; path = Base.lproj/LaunchScreen.storyboard; sourceTree = "<group>"; };
		847B172924A62B9A004DC44C /* Info.plist */ = {isa = PBXFileReference; lastKnownFileType = text.plist.xml; path = Info.plist; sourceTree = "<group>"; };
		847B172F24A62F53004DC44C /* TableViewCell.swift */ = {isa = PBXFileReference; lastKnownFileType = sourcecode.swift; path = TableViewCell.swift; sourceTree = "<group>"; };
		847B173124A6356C004DC44C /* SecondViewController.swift */ = {isa = PBXFileReference; lastKnownFileType = sourcecode.swift; path = SecondViewController.swift; sourceTree = "<group>"; };
/* End PBXFileReference section */

/* Begin PBXFrameworksBuildPhase section */
		847B171524A62B98004DC44C /* Frameworks */ = {
			isa = PBXFrameworksBuildPhase;
			buildActionMask = 2147483647;
			files = (
			);
			runOnlyForDeploymentPostprocessing = 0;
		};
/* End PBXFrameworksBuildPhase section */

/* Begin PBXGroup section */
		847B170F24A62B98004DC44C = {
			isa = PBXGroup;
			children = (
				847B171A24A62B98004DC44C /* DemoTableView. */,
				847B171924A62B98004DC44C /* Products */,
			);
			sourceTree = "<group>";
		};
		847B171924A62B98004DC44C /* Products */ = {
			isa = PBXGroup;
			children = (
				847B171824A62B98004DC44C /* DemoTableView..app */,
			);
			name = Products;
			sourceTree = "<group>";
		};
		847B171A24A62B98004DC44C /* DemoTableView. */ = {
			isa = PBXGroup;
			children = (
				847B171B24A62B98004DC44C /* AppDelegate.swift */,
				847B171D24A62B98004DC44C /* SceneDelegate.swift */,
				847B171F24A62B98004DC44C /* ViewController.swift */,
				847B172F24A62F53004DC44C /* TableViewCell.swift */,
				847B173124A6356C004DC44C /* SecondViewController.swift */,
				847B172124A62B98004DC44C /* Main.storyboard */,
				847B172424A62B9A004DC44C /* Assets.xcassets */,
				847B172624A62B9A004DC44C /* LaunchScreen.storyboard */,
				847B172924A62B9A004DC44C /* Info.plist */,
			);
			path = DemoTableView.;
			sourceTree = "<group>";
		};
/* End PBXGroup section */

/* Begin PBXNativeTarget section */
		847B171724A62B98004DC44C /* DemoTableView. */ = {
			isa = PBXNativeTarget;
			buildConfigurationList = 847B172C24A62B9A004DC44C /* Build configuration list for PBXNativeTarget "DemoTableView." */;
			buildPhases = (
				847B171424A62B98004DC44C /* Sources */,
				847B171524A62B98004DC44C /* Frameworks */,
				847B171624A62B98004DC44C /* Resources */,
			);
			buildRules = (
			);
			dependencies = (
			);
			name = DemoTableView.;
			productName = DemoTableView.;
			productReference = 847B171824A62B98004DC44C /* DemoTableView..app */;
			productType = "com.apple.product-type.application";
		};
/* End PBXNativeTarget section */

/* Begin PBXProject section */
		847B171024A62B98004DC44C /* Project object */ = {
			isa = PBXProject;
			attributes = {
				LastSwiftUpdateCheck = 1100;
				LastUpgradeCheck = 1100;
				ORGANIZATIONNAME = Long;
				TargetAttributes = {
					847B171724A62B98004DC44C = {
						CreatedOnToolsVersion = 11.0;
					};
				};
			};
			buildConfigurationList = 847B171324A62B98004DC44C /* Build configuration list for PBXProject "DemoTableView." */;
			compatibilityVersion = "Xcode 9.3";
			developmentRegion = en;
			hasScannedForEncodings = 0;
			knownRegions = (
				en,
				Base,
			);
			mainGroup = 847B170F24A62B98004DC44C;
			productRefGroup = 847B171924A62B98004DC44C /* Products */;
			projectDirPath = "";
			projectRoot = "";
			targets = (
				847B171724A62B98004DC44C /* DemoTableView. */,
			);
		};
/* End PBXProject section */

/* Begin PBXResourcesBuildPhase section */
		847B171624A62B98004DC44C /* Resources */ = {
			isa = PBXResourcesBuildPhase;
			buildActionMask = 2147483647;
			files = (
				847B172824A62B9A004DC44C /* LaunchScreen.storyboard in Resources */,
				847B172524A62B9A004DC44C /* Assets.xcassets in Resources */,
				847B172324A62B98004DC44C /* Main.storyboard in Resources */,
			);
			runOnlyForDeploymentPostprocessing = 0;
		};
/* End PBXResourcesBuildPhase section */

/* Begin PBXSourcesBuildPhase section */
		847B171424A62B98004DC44C /* Sources */ = {
			isa = PBXSourcesBuildPhase;
			buildActionMask = 2147483647;
			files = (
				847B172024A62B98004DC44C /* ViewController.swift in Sources */,
				847B173024A62F54004DC44C /* TableViewCell.swift in Sources */,
				847B171C24A62B98004DC44C /* AppDelegate.swift in Sources */,
				847B173224A6356C004DC44C /* SecondViewController.swift in Sources */,
				847B171E24A62B98004DC44C /* SceneDelegate.swift in Sources */,
			);
			runOnlyForDeploymentPostprocessing = 0;
		};
/* End PBXSourcesBuildPhase section */

/* Begin PBXVariantGroup section */
		847B172124A62B98004DC44C /* Main.storyboard */ = {
			isa = PBXVariantGroup;
			children = (
				847B172224A62B98004DC44C /* Base */,
			);
			name = Main.storyboard;
			sourceTree = "<group>";
		};
		847B172624A62B9A004DC44C /* LaunchScreen.storyboard */ = {
			isa = PBXVariantGroup;
			children = (
				847B172724A62B9A004DC44C /* Base */,
			);
			name = LaunchScreen.storyboard;
			sourceTree = "<group>";
		};
/* End PBXVariantGroup section */

/* Begin XCBuildConfiguration section */
		847B172A24A62B9A004DC44C /* Debug */ = {
			isa = XCBuildConfiguration;
			buildSettings = {
				ALWAYS_SEARCH_USER_PATHS = NO;
				CLANG_ANALYZER_NONNULL = YES;
				CLANG_ANALYZER_NUMBER_OBJECT_CONVERSION = YES_AGGRESSIVE;
				CLANG_CXX_LANGUAGE_STANDARD = "gnu++14";
				CLANG_CXX_LIBRARY = "libc++";
				CLANG_ENABLE_MODULES = YES;
				CLANG_ENABLE_OBJC_ARC = YES;
				CLANG_ENABLE_OBJC_WEAK = YES;
				CLANG_WARN_BLOCK_CAPTURE_AUTORELEASING = YES;
				CLANG_WARN_BOOL_CONVERSION = YES;
				CLANG_WARN_COMMA = YES;
				CLANG_WARN_CONSTANT_CONVERSION = YES;
				CLANG_WARN_DEPRECATED_OBJC_IMPLEMENTATIONS = YES;
				CLANG_WARN_DIRECT_OBJC_ISA_USAGE = YES_ERROR;
				CLANG_WARN_DOCUMENTATION_COMMENTS = YES;
				CLANG_WARN_EMPTY_BODY = YES;
				CLANG_WARN_ENUM_CONVERSION = YES;
				CLANG_WARN_INFINITE_RECURSION = YES;
				CLANG_WARN_INT_CONVERSION = YES;
				CLANG_WARN_NON_LITERAL_NULL_CONVERSION = YES;
				CLANG_WARN_OBJC_IMPLICIT_RETAIN_SELF = YES;
				CLANG_WARN_OBJC_LITERAL_CONVERSION = YES;
				CLANG_WARN_OBJC_ROOT_CLASS = YES_ERROR;
				CLANG_WARN_RANGE_LOOP_ANALYSIS = YES;
				CLANG_WARN_STRICT_PROTOTYPES = YES;
				CLANG_WARN_SUSPICIOUS_MOVE = YES;
				CLANG_WARN_UNGUARDED_AVAILABILITY = YES_AGGRESSIVE;
				CLANG_WARN_UNREACHABLE_CODE = YES;
				CLANG_WARN__DUPLICATE_METHOD_MATCH = YES;
				COPY_PHASE_STRIP = NO;
				DEBUG_INFORMATION_FORMAT = dwarf;
				ENABLE_STRICT_OBJC_MSGSEND = YES;
				ENABLE_TESTABILITY = YES;
				GCC_C_LANGUAGE_STANDARD = gnu11;
				GCC_DYNAMIC_NO_PIC = NO;
				GCC_NO_COMMON_BLOCKS = YES;
				GCC_OPTIMIZATION_LEVEL = 0;
				GCC_PREPROCESSOR_DEFINITIONS = (
					"DEBUG=1",
					"$(inherited)",
				);
				GCC_WARN_64_TO_32_BIT_CONVERSION = YES;
				GCC_WARN_ABOUT_RETURN_TYPE = YES_ERROR;
				GCC_WARN_UNDECLARED_SELECTOR = YES;
				GCC_WARN_UNINITIALIZED_AUTOS = YES_AGGRESSIVE;
				GCC_WARN_UNUSED_FUNCTION = YES;
				GCC_WARN_UNUSED_VARIABLE = YES;
				IPHONEOS_DEPLOYMENT_TARGET = 13.0;
				MTL_ENABLE_DEBUG_INFO = INCLUDE_SOURCE;
				MTL_FAST_MATH = YES;
				ONLY_ACTIVE_ARCH = YES;
				SDKROOT = iphoneos;
				SWIFT_ACTIVE_COMPILATION_CONDITIONS = DEBUG;
				SWIFT_OPTIMIZATION_LEVEL = "-Onone";
			};
			name = Debug;
		};
		847B172B24A62B9A004DC44C /* Release */ = {
			isa = XCBuildConfiguration;
			buildSettings = {
				ALWAYS_SEARCH_USER_PATHS = NO;
				CLANG_ANALYZER_NONNULL = YES;
				CLANG_ANALYZER_NUMBER_OBJECT_CONVERSION = YES_AGGRESSIVE;
				CLANG_CXX_LANGUAGE_STANDARD = "gnu++14";
				CLANG_CXX_LIBRARY = "libc++";
				CLANG_ENABLE_MODULES = YES;
				CLANG_ENABLE_OBJC_ARC = YES;
				CLANG_ENABLE_OBJC_WEAK = YES;
				CLANG_WARN_BLOCK_CAPTURE_AUTORELEASING = YES;
				CLANG_WARN_BOOL_CONVERSION = YES;
				CLANG_WARN_COMMA = YES;
				CLANG_WARN_CONSTANT_CONVERSION = YES;
				CLANG_WARN_DEPRECATED_OBJC_IMPLEMENTATIONS = YES;
				CLANG_WARN_DIRECT_OBJC_ISA_USAGE = YES_ERROR;
				CLANG_WARN_DOCUMENTATION_COMMENTS = YES;
				CLANG_WARN_EMPTY_BODY = YES;
				CLANG_WARN_ENUM_CONVERSION = YES;
				CLANG_WARN_INFINITE_RECURSION = YES;
				CLANG_WARN_INT_CONVERSION = YES;
				CLANG_WARN_NON_LITERAL_NULL_CONVERSION = YES;
				CLANG_WARN_OBJC_IMPLICIT_RETAIN_SELF = YES;
				CLANG_WARN_OBJC_LITERAL_CONVERSION = YES;
				CLANG_WARN_OBJC_ROOT_CLASS = YES_ERROR;
				CLANG_WARN_RANGE_LOOP_ANALYSIS = YES;
				CLANG_WARN_STRICT_PROTOTYPES = YES;
				CLANG_WARN_SUSPICIOUS_MOVE = YES;
				CLANG_WARN_UNGUARDED_AVAILABILITY = YES_AGGRESSIVE;
				CLANG_WARN_UNREACHABLE_CODE = YES;
				CLANG_WARN__DUPLICATE_METHOD_MATCH = YES;
				COPY_PHASE_STRIP = NO;
				DEBUG_INFORMATION_FORMAT = "dwarf-with-dsym";
				ENABLE_NS_ASSERTIONS = NO;
				ENABLE_STRICT_OBJC_MSGSEND = YES;
				GCC_C_LANGUAGE_STANDARD = gnu11;
				GCC_NO_COMMON_BLOCKS = YES;
				GCC_WARN_64_TO_32_BIT_CONVERSION = YES;
				GCC_WARN_ABOUT_RETURN_TYPE = YES_ERROR;
				GCC_WARN_UNDECLARED_SELECTOR = YES;
				GCC_WARN_UNINITIALIZED_AUTOS = YES_AGGRESSIVE;
				GCC_WARN_UNUSED_FUNCTION = YES;
				GCC_WARN_UNUSED_VARIABLE = YES;
				IPHONEOS_DEPLOYMENT_TARGET = 13.0;
				MTL_ENABLE_DEBUG_INFO = NO;
				MTL_FAST_MATH = YES;
				SDKROOT = iphoneos;
				SWIFT_COMPILATION_MODE = wholemodule;
				SWIFT_OPTIMIZATION_LEVEL = "-O";
				VALIDATE_PRODUCT = YES;
			};
			name = Release;
		};
		847B172D24A62B9A004DC44C /* Debug */ = {
			isa = XCBuildConfiguration;
			buildSettings = {
				ASSETCATALOG_COMPILER_APPICON_NAME = AppIcon;
				CODE_SIGN_STYLE = Automatic;
				INFOPLIST_FILE = DemoTableView./Info.plist;
				LD_RUNPATH_SEARCH_PATHS = (
					"$(inherited)",
					"@executable_path/Frameworks",
				);
				PRODUCT_BUNDLE_IDENTIFIER = "Long.DemoTableView-";
				PRODUCT_NAME = "$(TARGET_NAME)";
				SWIFT_VERSION = 5.0;
				TARGETED_DEVICE_FAMILY = "1,2";
			};
			name = Debug;
		};
		847B172E24A62B9A004DC44C /* Release */ = {
			isa = XCBuildConfiguration;
			buildSettings = {
				ASSETCATALOG_COMPILER_APPICON_NAME = AppIcon;
				CODE_SIGN_STYLE = Automatic;
				INFOPLIST_FILE = DemoTableView./Info.plist;
				LD_RUNPATH_SEARCH_PATHS = (
					"$(inherited)",
					"@executable_path/Frameworks",
				);
				PRODUCT_BUNDLE_IDENTIFIER = "Long.DemoTableView-";
				PRODUCT_NAME = "$(TARGET_NAME)";
				SWIFT_VERSION = 5.0;
				TARGETED_DEVICE_FAMILY = "1,2";
			};
			name = Release;
		};
/* End XCBuildConfiguration section */

/* Begin XCConfigurationList section */
		847B171324A62B98004DC44C /* Build configuration list for PBXProject "DemoTableView." */ = {
			isa = XCConfigurationList;
			buildConfigurations = (
				847B172A24A62B9A004DC44C /* Debug */,
				847B172B24A62B9A004DC44C /* Release */,
			);
			defaultConfigurationIsVisible = 0;
			defaultConfigurationName = Release;
		};
		847B172C24A62B9A004DC44C /* Build configuration list for PBXNativeTarget "DemoTableView." */ = {
			isa = XCConfigurationList;
			buildConfigurations = (
				847B172D24A62B9A004DC44C /* Debug */,
				847B172E24A62B9A004DC44C /* Release */,
			);
			defaultConfigurationIsVisible = 0;
			defaultConfigurationName = Release;
		};
/* End XCConfigurationList section */
	};
	rootObject = 847B171024A62B98004DC44C /* Project object */;
}
